
Microsoft Visual Studio Solution File, Format Version 12.00
# Visual Studio Version 17
VisualStudioVersion = 17.4.33403.182
MinimumVisualStudioVersion = 10.0.40219.1
Project("{9A19103F-16F7-4668-BE54-9A1E7A4F7556}") = "CARRO_API", "CARRO_API\CARRO_API.csproj", "{D4FF2DE3-E655-4F5D-8546-223386F8F5A1}"
EndProject
Project("{FAE04EC0-301F-11D3-BF4B-00C04F79EFBC}") = "CARRO_API.Tests", "CARRO_API.Tests\CARRO_API.Tests.csproj", "{B9AE9F38-0C13-458E-92C5-F1062DA336A8}"
EndProject
Global
	GlobalSection(SolutionConfigurationPlatforms) = preSolution
		Debug|Any CPU = Debug|Any CPU
		Release|Any CPU = Release|Any CPU
	EndGlobalSection
	GlobalSection(ProjectConfigurationPlatforms) = postSolution
		{D4FF2DE3-E655-4F5D-8546-223386F8F5A1}.Debug|Any CPU.ActiveCfg = Debug|Any CPU
		{D4FF2DE3-E655-4F5D-8546-223386F8F5A1}.Debug|Any CPU.Build.0 = Debug|Any CPU
		{D4FF2DE3-E655-4F5D-8546-223386F8F5A1}.Release|Any CPU.ActiveCfg = Release|Any CPU
		{D4FF2DE3-E655-4F5D-8546-223386F8F5A1}.Release|Any CPU.Build.0 = Release|Any CPU
		{B9AE9F38-0C13-458E-92C5-F1062DA336A8}.Debug|Any CPU.ActiveCfg = Debug|Any CPU
		{B9AE9F38-0C13-458E-92C5-F1062DA336A8}.Debug|Any CPU.Build.0 = Debug|Any CPU
		{B9AE9F38-0C13-458E-92C5-F1062DA336A8}.Release|Any CPU.ActiveCfg = Release|Any CPU
		{B9AE9F38-0C13-458E-92C5-F1062DA336A8}.Release|Any CPU.Build.0 = Release|Any CPU
	EndGlobalSection
	GlobalSection(SolutionProperties) = preSolution
		HideSolutionNode = FALSE
	EndGlobalSection
	GlobalSection(ExtensibilityGlobals) = postSolution
		SolutionGuid = {9FC1C05B-9322-4E72-A48B-59197C71B7A6}
	EndGlobalSection
EndGlobal
